
Microsoft Visual Studio Solution File, Format Version 12.00
# Visual Studio 15
VisualStudioVersion = 15.0.27130.2036
MinimumVisualStudioVersion = 10.0.40219.1
Project("{2150E333-8FDC-42A3-9474-1A3956D46DE8}") = "Patterns", "Patterns", "{2C819C2C-0713-416C-9088-3A7658965C0C}"
EndProject
Project("{2150E333-8FDC-42A3-9474-1A3956D46DE8}") = "Algorithms", "Algorithms", "{87F3BC4D-7F96-43E4-A730-5AE347BBC973}"
EndProject
Project("{2150E333-8FDC-42A3-9474-1A3956D46DE8}") = "_Test", "_Test", "{C04EE30F-A832-4195-9E06-28D1D5C534E5}"
EndProject
Project("{FAE04EC0-301F-11D3-BF4B-00C04F79EFBC}") = "Algorithms.Tests", "Test\Algorithms.Tests\Algorithms.Tests.csproj", "{0C5A1E9F-74B5-4F55-B97E-3D424F35295A}"
EndProject
Project("{FAE04EC0-301F-11D3-BF4B-00C04F79EFBC}") = "Patterns.Tests", "Test\Patterns.Tests\Patterns.Tests.csproj", "{5C0272B1-B51D-43BC-B773-3EA7CE0AED01}"
EndProject
Project("{FAE04EC0-301F-11D3-BF4B-00C04F79EFBC}") = "Sorting.Algortihms", "Algorithms\Sorting.Algortihms\Sorting.Algortihms.csproj", "{E95F07FC-53F2-4684-80E9-AB429947C47B}"
EndProject
Project("{FAE04EC0-301F-11D3-BF4B-00C04F79EFBC}") = "Adapter.Pattern", "Patterns\Adapter.Pattern\Adapter.Pattern.csproj", "{99C808E1-DA44-497C-B3FA-5D335D625797}"
EndProject
Project("{FAE04EC0-301F-11D3-BF4B-00C04F79EFBC}") = "Singleton.Pattern", "Patterns\Singleton.Pattern\Singleton.Pattern.csproj", "{F7EE4C66-446B-45AE-AAE9-B45E79487638}"
EndProject
Project("{FAE04EC0-301F-11D3-BF4B-00C04F79EFBC}") = "TemplateMethod.Pattern", "Patterns\TemplateMethod.Pattern\TemplateMethod.Pattern.csproj", "{889217E0-EE95-49CB-993B-4955E5851C1E}"
EndProject
Project("{2150E333-8FDC-42A3-9474-1A3956D46DE8}") = "Structures", "Structures", "{1C519314-D95C-4607-8BFE-9B743C4F9276}"
EndProject
Project("{FAE04EC0-301F-11D3-BF4B-00C04F79EFBC}") = "BinarySearchTreeStructure", "Structures\BinarySearchTree\BinarySearchTreeStructure.csproj", "{C1CC165C-3AD1-4AC1-8BC3-459D07A8EE6D}"
EndProject
Project("{FAE04EC0-301F-11D3-BF4B-00C04F79EFBC}") = "BinarySearchTree.Tests", "Test\BinarySearchTree.Tests\BinarySearchTree.Tests.csproj", "{83F72C8D-5387-41E5-A564-782FECC2F04C}"
EndProject
Project("{FAE04EC0-301F-11D3-BF4B-00C04F79EFBC}") = "HeapStructure", "Structures\HeapStructure\HeapStructure.csproj", "{25A91D9A-BE8C-41BB-91AC-7BDB00CB6EF1}"
EndProject
Project("{FAE04EC0-301F-11D3-BF4B-00C04F79EFBC}") = "Structures.Tests", "Test\Structures.Tests\Structures.Tests.csproj", "{8EDF4429-251A-416D-BB68-93F227191BCF}"
EndProject
Global
	GlobalSection(SolutionConfigurationPlatforms) = preSolution
		Debug|Any CPU = Debug|Any CPU
		Release|Any CPU = Release|Any CPU
	EndGlobalSection
	GlobalSection(ProjectConfigurationPlatforms) = postSolution
		{0C5A1E9F-74B5-4F55-B97E-3D424F35295A}.Debug|Any CPU.ActiveCfg = Debug|Any CPU
		{0C5A1E9F-74B5-4F55-B97E-3D424F35295A}.Debug|Any CPU.Build.0 = Debug|Any CPU
		{0C5A1E9F-74B5-4F55-B97E-3D424F35295A}.Release|Any CPU.ActiveCfg = Release|Any CPU
		{0C5A1E9F-74B5-4F55-B97E-3D424F35295A}.Release|Any CPU.Build.0 = Release|Any CPU
		{5C0272B1-B51D-43BC-B773-3EA7CE0AED01}.Debug|Any CPU.ActiveCfg = Debug|Any CPU
		{5C0272B1-B51D-43BC-B773-3EA7CE0AED01}.Debug|Any CPU.Build.0 = Debug|Any CPU
		{5C0272B1-B51D-43BC-B773-3EA7CE0AED01}.Release|Any CPU.ActiveCfg = Release|Any CPU
		{5C0272B1-B51D-43BC-B773-3EA7CE0AED01}.Release|Any CPU.Build.0 = Release|Any CPU
		{E95F07FC-53F2-4684-80E9-AB429947C47B}.Debug|Any CPU.ActiveCfg = Debug|Any CPU
		{E95F07FC-53F2-4684-80E9-AB429947C47B}.Debug|Any CPU.Build.0 = Debug|Any CPU
		{E95F07FC-53F2-4684-80E9-AB429947C47B}.Release|Any CPU.ActiveCfg = Release|Any CPU
		{E95F07FC-53F2-4684-80E9-AB429947C47B}.Release|Any CPU.Build.0 = Release|Any CPU
		{99C808E1-DA44-497C-B3FA-5D335D625797}.Debug|Any CPU.ActiveCfg = Debug|Any CPU
		{99C808E1-DA44-497C-B3FA-5D335D625797}.Debug|Any CPU.Build.0 = Debug|Any CPU
		{99C808E1-DA44-497C-B3FA-5D335D625797}.Release|Any CPU.ActiveCfg = Release|Any CPU
		{99C808E1-DA44-497C-B3FA-5D335D625797}.Release|Any CPU.Build.0 = Release|Any CPU
		{F7EE4C66-446B-45AE-AAE9-B45E79487638}.Debug|Any CPU.ActiveCfg = Debug|Any CPU
		{F7EE4C66-446B-45AE-AAE9-B45E79487638}.Debug|Any CPU.Build.0 = Debug|Any CPU
		{F7EE4C66-446B-45AE-AAE9-B45E79487638}.Release|Any CPU.ActiveCfg = Release|Any CPU
		{F7EE4C66-446B-45AE-AAE9-B45E79487638}.Release|Any CPU.Build.0 = Release|Any CPU
		{889217E0-EE95-49CB-993B-4955E5851C1E}.Debug|Any CPU.ActiveCfg = Debug|Any CPU
		{889217E0-EE95-49CB-993B-4955E5851C1E}.Debug|Any CPU.Build.0 = Debug|Any CPU
		{889217E0-EE95-49CB-993B-4955E5851C1E}.Release|Any CPU.ActiveCfg = Release|Any CPU
		{889217E0-EE95-49CB-993B-4955E5851C1E}.Release|Any CPU.Build.0 = Release|Any CPU
		{C1CC165C-3AD1-4AC1-8BC3-459D07A8EE6D}.Debug|Any CPU.ActiveCfg = Debug|Any CPU
		{C1CC165C-3AD1-4AC1-8BC3-459D07A8EE6D}.Debug|Any CPU.Build.0 = Debug|Any CPU
		{C1CC165C-3AD1-4AC1-8BC3-459D07A8EE6D}.Release|Any CPU.ActiveCfg = Release|Any CPU
		{C1CC165C-3AD1-4AC1-8BC3-459D07A8EE6D}.Release|Any CPU.Build.0 = Release|Any CPU
		{83F72C8D-5387-41E5-A564-782FECC2F04C}.Debug|Any CPU.ActiveCfg = Debug|Any CPU
		{83F72C8D-5387-41E5-A564-782FECC2F04C}.Debug|Any CPU.Build.0 = Debug|Any CPU
		{83F72C8D-5387-41E5-A564-782FECC2F04C}.Release|Any CPU.ActiveCfg = Release|Any CPU
		{83F72C8D-5387-41E5-A564-782FECC2F04C}.Release|Any CPU.Build.0 = Release|Any CPU
		{25A91D9A-BE8C-41BB-91AC-7BDB00CB6EF1}.Debug|Any CPU.ActiveCfg = Debug|Any CPU
		{25A91D9A-BE8C-41BB-91AC-7BDB00CB6EF1}.Debug|Any CPU.Build.0 = Debug|Any CPU
		{25A91D9A-BE8C-41BB-91AC-7BDB00CB6EF1}.Release|Any CPU.ActiveCfg = Release|Any CPU
		{25A91D9A-BE8C-41BB-91AC-7BDB00CB6EF1}.Release|Any CPU.Build.0 = Release|Any CPU
		{8EDF4429-251A-416D-BB68-93F227191BCF}.Debug|Any CPU.ActiveCfg = Debug|Any CPU
		{8EDF4429-251A-416D-BB68-93F227191BCF}.Debug|Any CPU.Build.0 = Debug|Any CPU
		{8EDF4429-251A-416D-BB68-93F227191BCF}.Release|Any CPU.ActiveCfg = Release|Any CPU
		{8EDF4429-251A-416D-BB68-93F227191BCF}.Release|Any CPU.Build.0 = Release|Any CPU
	EndGlobalSection
	GlobalSection(SolutionProperties) = preSolution
		HideSolutionNode = FALSE
	EndGlobalSection
	GlobalSection(NestedProjects) = preSolution
		{0C5A1E9F-74B5-4F55-B97E-3D424F35295A} = {C04EE30F-A832-4195-9E06-28D1D5C534E5}
		{5C0272B1-B51D-43BC-B773-3EA7CE0AED01} = {C04EE30F-A832-4195-9E06-28D1D5C534E5}
		{E95F07FC-53F2-4684-80E9-AB429947C47B} = {87F3BC4D-7F96-43E4-A730-5AE347BBC973}
		{99C808E1-DA44-497C-B3FA-5D335D625797} = {2C819C2C-0713-416C-9088-3A7658965C0C}
		{F7EE4C66-446B-45AE-AAE9-B45E79487638} = {2C819C2C-0713-416C-9088-3A7658965C0C}
		{889217E0-EE95-49CB-993B-4955E5851C1E} = {2C819C2C-0713-416C-9088-3A7658965C0C}
		{C1CC165C-3AD1-4AC1-8BC3-459D07A8EE6D} = {1C519314-D95C-4607-8BFE-9B743C4F9276}
		{83F72C8D-5387-41E5-A564-782FECC2F04C} = {C04EE30F-A832-4195-9E06-28D1D5C534E5}
		{25A91D9A-BE8C-41BB-91AC-7BDB00CB6EF1} = {1C519314-D95C-4607-8BFE-9B743C4F9276}
		{8EDF4429-251A-416D-BB68-93F227191BCF} = {C04EE30F-A832-4195-9E06-28D1D5C534E5}
	EndGlobalSection
	GlobalSection(ExtensibilityGlobals) = postSolution
		SolutionGuid = {0A6CD28C-D9EF-47EB-AD5F-F94CBFAB80EF}
	EndGlobalSection
EndGlobal
